
Microsoft Visual Studio Solution File, Format Version 12.00
# Visual Studio 14
VisualStudioVersion = 14.0.25420.1
MinimumVisualStudioVersion = 10.0.40219.1
Project("{FAE04EC0-301F-11D3-BF4B-00C04F79EFBC}") = "01. Sino The Walker", "01. Sino The Walker\01. Sino The Walker.csproj", "{A58ED55C-1200-4AB6-B679-50E676577D24}"
EndProject
Project("{FAE04EC0-301F-11D3-BF4B-00C04F79EFBC}") = "02. SoftUni Karaoke", "02. SoftUni Karaoke\02. SoftUni Karaoke.csproj", "{993B408E-9B75-462D-81DF-131A7C83EC73}"
EndProject
Project("{FAE04EC0-301F-11D3-BF4B-00C04F79EFBC}") = "03. Endurance Rally", "03. Endurance Rally\03. Endurance Rally.csproj", "{DC2F6390-E4E0-421A-8E66-A9CF7DD17A69}"
EndProject
Project("{FAE04EC0-301F-11D3-BF4B-00C04F79EFBC}") = "04. Winning Ticket", "04. Winning Ticket\04. Winning Ticket.csproj", "{AA3E0C3D-9921-47D0-AB9A-9C47039132DC}"
EndProject
Global
	GlobalSection(SolutionConfigurationPlatforms) = preSolution
		Debug|Any CPU = Debug|Any CPU
		Release|Any CPU = Release|Any CPU
	EndGlobalSection
	GlobalSection(ProjectConfigurationPlatforms) = postSolution
		{A58ED55C-1200-4AB6-B679-50E676577D24}.Debug|Any CPU.ActiveCfg = Debug|Any CPU
		{A58ED55C-1200-4AB6-B679-50E676577D24}.Debug|Any CPU.Build.0 = Debug|Any CPU
		{A58ED55C-1200-4AB6-B679-50E676577D24}.Release|Any CPU.ActiveCfg = Release|Any CPU
		{A58ED55C-1200-4AB6-B679-50E676577D24}.Release|Any CPU.Build.0 = Release|Any CPU
		{993B408E-9B75-462D-81DF-131A7C83EC73}.Debug|Any CPU.ActiveCfg = Debug|Any CPU
		{993B408E-9B75-462D-81DF-131A7C83EC73}.Debug|Any CPU.Build.0 = Debug|Any CPU
		{993B408E-9B75-462D-81DF-131A7C83EC73}.Release|Any CPU.ActiveCfg = Release|Any CPU
		{993B408E-9B75-462D-81DF-131A7C83EC73}.Release|Any CPU.Build.0 = Release|Any CPU
		{DC2F6390-E4E0-421A-8E66-A9CF7DD17A69}.Debug|Any CPU.ActiveCfg = Debug|Any CPU
		{DC2F6390-E4E0-421A-8E66-A9CF7DD17A69}.Debug|Any CPU.Build.0 = Debug|Any CPU
		{DC2F6390-E4E0-421A-8E66-A9CF7DD17A69}.Release|Any CPU.ActiveCfg = Release|Any CPU
		{DC2F6390-E4E0-421A-8E66-A9CF7DD17A69}.Release|Any CPU.Build.0 = Release|Any CPU
		{AA3E0C3D-9921-47D0-AB9A-9C47039132DC}.Debug|Any CPU.ActiveCfg = Debug|Any CPU
		{AA3E0C3D-9921-47D0-AB9A-9C47039132DC}.Debug|Any CPU.Build.0 = Debug|Any CPU
		{AA3E0C3D-9921-47D0-AB9A-9C47039132DC}.Release|Any CPU.ActiveCfg = Release|Any CPU
		{AA3E0C3D-9921-47D0-AB9A-9C47039132DC}.Release|Any CPU.Build.0 = Release|Any CPU
	EndGlobalSection
	GlobalSection(SolutionProperties) = preSolution
		HideSolutionNode = FALSE
	EndGlobalSection
EndGlobal
