
Microsoft Visual Studio Solution File, Format Version 12.00
# Visual Studio 14
VisualStudioVersion = 14.0.25420.1
MinimumVisualStudioVersion = 10.0.40219.1
Project("{FAE04EC0-301F-11D3-BF4B-00C04F79EFBC}") = "02.Passed", "Passed\02.Passed.csproj", "{6A8D06F5-DBF1-49DE-8CBC-0314DF86ED36}"
EndProject
Project("{FAE04EC0-301F-11D3-BF4B-00C04F79EFBC}") = "03. Back in 30 Minutes", "03. Back in 30 Minutes\03. Back in 30 Minutes.csproj", "{AA11CFB5-6DBA-4A94-AD16-13496FF8767E}"
EndProject
Project("{FAE04EC0-301F-11D3-BF4B-00C04F79EFBC}") = "04. Month Printer", "04. Month Printer\04. Month Printer.csproj", "{C94878F4-BB96-426E-AA52-6EC29A7A8732}"
EndProject
Project("{FAE04EC0-301F-11D3-BF4B-00C04F79EFBC}") = "05. Foreign Languages", "05. Foreign Languages\05. Foreign Languages.csproj", "{3A7F0575-1901-460A-9C94-31D53267039B}"
EndProject
Project("{FAE04EC0-301F-11D3-BF4B-00C04F79EFBC}") = "06. Theatre Promotion", "06. Theatre Promotion\06. Theatre Promotion.csproj", "{6E352C89-920B-4C22-917D-A9636D6B4D4F}"
EndProject
Project("{FAE04EC0-301F-11D3-BF4B-00C04F79EFBC}") = "07. Divisible by 3", "07. Divisible by 3\07. Divisible by 3.csproj", "{2BA54E57-10DF-4925-B0E8-846B6A3218E9}"
EndProject
Project("{FAE04EC0-301F-11D3-BF4B-00C04F79EFBC}") = "08. Sum of Odd Numbers", "08. Sum of Odd Numbers\08. Sum of Odd Numbers.csproj", "{AAE01224-3C93-4AF5-8A04-13144CFE1DB2}"
EndProject
Project("{FAE04EC0-301F-11D3-BF4B-00C04F79EFBC}") = "09. Multiplication Table", "09. Multiplication Table\09. Multiplication Table.csproj", "{E5917381-0598-489B-AE08-589E88FFC764}"
EndProject
Project("{FAE04EC0-301F-11D3-BF4B-00C04F79EFBC}") = "10. Multiplication Table 2.0", "10. Multiplication Table 2.0\10. Multiplication Table 2.0.csproj", "{8FDCF9EA-7849-4551-A68F-AA50A219F0E1}"
EndProject
Project("{FAE04EC0-301F-11D3-BF4B-00C04F79EFBC}") = "11. Odd Number", "11. Odd Number\11. Odd Number.csproj", "{3E3C6CCC-3069-43B3-A2A1-2FD3BE7A26D0}"
EndProject
Project("{FAE04EC0-301F-11D3-BF4B-00C04F79EFBC}") = "12. Number Checker", "12. Number Checker\12. Number Checker.csproj", "{44E97DA2-9417-4513-9C8F-B2C461EDFBE9}"
EndProject
Global
	GlobalSection(SolutionConfigurationPlatforms) = preSolution
		Debug|Any CPU = Debug|Any CPU
		Release|Any CPU = Release|Any CPU
	EndGlobalSection
	GlobalSection(ProjectConfigurationPlatforms) = postSolution
		{6A8D06F5-DBF1-49DE-8CBC-0314DF86ED36}.Debug|Any CPU.ActiveCfg = Debug|Any CPU
		{6A8D06F5-DBF1-49DE-8CBC-0314DF86ED36}.Debug|Any CPU.Build.0 = Debug|Any CPU
		{6A8D06F5-DBF1-49DE-8CBC-0314DF86ED36}.Release|Any CPU.ActiveCfg = Release|Any CPU
		{6A8D06F5-DBF1-49DE-8CBC-0314DF86ED36}.Release|Any CPU.Build.0 = Release|Any CPU
		{AA11CFB5-6DBA-4A94-AD16-13496FF8767E}.Debug|Any CPU.ActiveCfg = Debug|Any CPU
		{AA11CFB5-6DBA-4A94-AD16-13496FF8767E}.Debug|Any CPU.Build.0 = Debug|Any CPU
		{AA11CFB5-6DBA-4A94-AD16-13496FF8767E}.Release|Any CPU.ActiveCfg = Release|Any CPU
		{AA11CFB5-6DBA-4A94-AD16-13496FF8767E}.Release|Any CPU.Build.0 = Release|Any CPU
		{C94878F4-BB96-426E-AA52-6EC29A7A8732}.Debug|Any CPU.ActiveCfg = Debug|Any CPU
		{C94878F4-BB96-426E-AA52-6EC29A7A8732}.Debug|Any CPU.Build.0 = Debug|Any CPU
		{C94878F4-BB96-426E-AA52-6EC29A7A8732}.Release|Any CPU.ActiveCfg = Release|Any CPU
		{C94878F4-BB96-426E-AA52-6EC29A7A8732}.Release|Any CPU.Build.0 = Release|Any CPU
		{3A7F0575-1901-460A-9C94-31D53267039B}.Debug|Any CPU.ActiveCfg = Debug|Any CPU
		{3A7F0575-1901-460A-9C94-31D53267039B}.Debug|Any CPU.Build.0 = Debug|Any CPU
		{3A7F0575-1901-460A-9C94-31D53267039B}.Release|Any CPU.ActiveCfg = Release|Any CPU
		{3A7F0575-1901-460A-9C94-31D53267039B}.Release|Any CPU.Build.0 = Release|Any CPU
		{6E352C89-920B-4C22-917D-A9636D6B4D4F}.Debug|Any CPU.ActiveCfg = Debug|Any CPU
		{6E352C89-920B-4C22-917D-A9636D6B4D4F}.Debug|Any CPU.Build.0 = Debug|Any CPU
		{6E352C89-920B-4C22-917D-A9636D6B4D4F}.Release|Any CPU.ActiveCfg = Release|Any CPU
		{6E352C89-920B-4C22-917D-A9636D6B4D4F}.Release|Any CPU.Build.0 = Release|Any CPU
		{2BA54E57-10DF-4925-B0E8-846B6A3218E9}.Debug|Any CPU.ActiveCfg = Debug|Any CPU
		{2BA54E57-10DF-4925-B0E8-846B6A3218E9}.Debug|Any CPU.Build.0 = Debug|Any CPU
		{2BA54E57-10DF-4925-B0E8-846B6A3218E9}.Release|Any CPU.ActiveCfg = Release|Any CPU
		{2BA54E57-10DF-4925-B0E8-846B6A3218E9}.Release|Any CPU.Build.0 = Release|Any CPU
		{AAE01224-3C93-4AF5-8A04-13144CFE1DB2}.Debug|Any CPU.ActiveCfg = Debug|Any CPU
		{AAE01224-3C93-4AF5-8A04-13144CFE1DB2}.Debug|Any CPU.Build.0 = Debug|Any CPU
		{AAE01224-3C93-4AF5-8A04-13144CFE1DB2}.Release|Any CPU.ActiveCfg = Release|Any CPU
		{AAE01224-3C93-4AF5-8A04-13144CFE1DB2}.Release|Any CPU.Build.0 = Release|Any CPU
		{E5917381-0598-489B-AE08-589E88FFC764}.Debug|Any CPU.ActiveCfg = Debug|Any CPU
		{E5917381-0598-489B-AE08-589E88FFC764}.Debug|Any CPU.Build.0 = Debug|Any CPU
		{E5917381-0598-489B-AE08-589E88FFC764}.Release|Any CPU.ActiveCfg = Release|Any CPU
		{E5917381-0598-489B-AE08-589E88FFC764}.Release|Any CPU.Build.0 = Release|Any CPU
		{8FDCF9EA-7849-4551-A68F-AA50A219F0E1}.Debug|Any CPU.ActiveCfg = Debug|Any CPU
		{8FDCF9EA-7849-4551-A68F-AA50A219F0E1}.Debug|Any CPU.Build.0 = Debug|Any CPU
		{8FDCF9EA-7849-4551-A68F-AA50A219F0E1}.Release|Any CPU.ActiveCfg = Release|Any CPU
		{8FDCF9EA-7849-4551-A68F-AA50A219F0E1}.Release|Any CPU.Build.0 = Release|Any CPU
		{3E3C6CCC-3069-43B3-A2A1-2FD3BE7A26D0}.Debug|Any CPU.ActiveCfg = Debug|Any CPU
		{3E3C6CCC-3069-43B3-A2A1-2FD3BE7A26D0}.Debug|Any CPU.Build.0 = Debug|Any CPU
		{3E3C6CCC-3069-43B3-A2A1-2FD3BE7A26D0}.Release|Any CPU.ActiveCfg = Release|Any CPU
		{3E3C6CCC-3069-43B3-A2A1-2FD3BE7A26D0}.Release|Any CPU.Build.0 = Release|Any CPU
		{44E97DA2-9417-4513-9C8F-B2C461EDFBE9}.Debug|Any CPU.ActiveCfg = Debug|Any CPU
		{44E97DA2-9417-4513-9C8F-B2C461EDFBE9}.Debug|Any CPU.Build.0 = Debug|Any CPU
		{44E97DA2-9417-4513-9C8F-B2C461EDFBE9}.Release|Any CPU.ActiveCfg = Release|Any CPU
		{44E97DA2-9417-4513-9C8F-B2C461EDFBE9}.Release|Any CPU.Build.0 = Release|Any CPU
	EndGlobalSection
	GlobalSection(SolutionProperties) = preSolution
		HideSolutionNode = FALSE
	EndGlobalSection
EndGlobal
