
Microsoft Visual Studio Solution File, Format Version 12.00
# Visual Studio 14
VisualStudioVersion = 14.0.25420.1
MinimumVisualStudioVersion = 10.0.40219.1
Project("{FAE04EC0-301F-11D3-BF4B-00C04F79EFBC}") = "01. Poke Mon", "01. Poke Mon\01. Poke Mon.csproj", "{9F06E5E5-4FB7-4865-A8BD-CC5DD601F85F}"
EndProject
Project("{FAE04EC0-301F-11D3-BF4B-00C04F79EFBC}") = "02. Pokemon Don't Go", "02. Pokemon Don't Go\02. Pokemon Don't Go.csproj", "{8985A9A1-E1D4-488E-9312-98CE67D87E92}"
EndProject
Project("{FAE04EC0-301F-11D3-BF4B-00C04F79EFBC}") = "03. Regexmon", "03. Regexmon\03. Regexmon.csproj", "{0611210F-DE60-46A3-B4C3-28EFA4AE8A8A}"
EndProject
Project("{FAE04EC0-301F-11D3-BF4B-00C04F79EFBC}") = "04. Pokemon Evolution", "04. Pokemon Evolution\04. Pokemon Evolution.csproj", "{4A1222CB-3DE4-4D29-8E3D-2176AAE120F5}"
EndProject
Global
	GlobalSection(SolutionConfigurationPlatforms) = preSolution
		Debug|Any CPU = Debug|Any CPU
		Release|Any CPU = Release|Any CPU
	EndGlobalSection
	GlobalSection(ProjectConfigurationPlatforms) = postSolution
		{9F06E5E5-4FB7-4865-A8BD-CC5DD601F85F}.Debug|Any CPU.ActiveCfg = Debug|Any CPU
		{9F06E5E5-4FB7-4865-A8BD-CC5DD601F85F}.Debug|Any CPU.Build.0 = Debug|Any CPU
		{9F06E5E5-4FB7-4865-A8BD-CC5DD601F85F}.Release|Any CPU.ActiveCfg = Release|Any CPU
		{9F06E5E5-4FB7-4865-A8BD-CC5DD601F85F}.Release|Any CPU.Build.0 = Release|Any CPU
		{8985A9A1-E1D4-488E-9312-98CE67D87E92}.Debug|Any CPU.ActiveCfg = Debug|Any CPU
		{8985A9A1-E1D4-488E-9312-98CE67D87E92}.Debug|Any CPU.Build.0 = Debug|Any CPU
		{8985A9A1-E1D4-488E-9312-98CE67D87E92}.Release|Any CPU.ActiveCfg = Release|Any CPU
		{8985A9A1-E1D4-488E-9312-98CE67D87E92}.Release|Any CPU.Build.0 = Release|Any CPU
		{0611210F-DE60-46A3-B4C3-28EFA4AE8A8A}.Debug|Any CPU.ActiveCfg = Debug|Any CPU
		{0611210F-DE60-46A3-B4C3-28EFA4AE8A8A}.Debug|Any CPU.Build.0 = Debug|Any CPU
		{0611210F-DE60-46A3-B4C3-28EFA4AE8A8A}.Release|Any CPU.ActiveCfg = Release|Any CPU
		{0611210F-DE60-46A3-B4C3-28EFA4AE8A8A}.Release|Any CPU.Build.0 = Release|Any CPU
		{4A1222CB-3DE4-4D29-8E3D-2176AAE120F5}.Debug|Any CPU.ActiveCfg = Debug|Any CPU
		{4A1222CB-3DE4-4D29-8E3D-2176AAE120F5}.Debug|Any CPU.Build.0 = Debug|Any CPU
		{4A1222CB-3DE4-4D29-8E3D-2176AAE120F5}.Release|Any CPU.ActiveCfg = Release|Any CPU
		{4A1222CB-3DE4-4D29-8E3D-2176AAE120F5}.Release|Any CPU.Build.0 = Release|Any CPU
	EndGlobalSection
	GlobalSection(SolutionProperties) = preSolution
		HideSolutionNode = FALSE
	EndGlobalSection
EndGlobal
