
Microsoft Visual Studio Solution File, Format Version 12.00
# Visual Studio 14
VisualStudioVersion = 14.0.25420.1
MinimumVisualStudioVersion = 10.0.40219.1
Project("{FAE04EC0-301F-11D3-BF4B-00C04F79EFBC}") = "01. Softuni Coffee Orders", "01. Softuni Coffee Orders\01. Softuni Coffee Orders.csproj", "{3662A0C7-C7D0-44B0-A6EF-5C931709BA20}"
EndProject
Project("{FAE04EC0-301F-11D3-BF4B-00C04F79EFBC}") = "03. Rage Quit", "03. Rage Quit\03. Rage Quit.csproj", "{3687D870-292B-4819-8C43-956C9F90CC9B}"
EndProject
Project("{FAE04EC0-301F-11D3-BF4B-00C04F79EFBC}") = "04. Files", "04. Files\04. Files.csproj", "{FBB5091C-945B-408D-8257-F0F455495183}"
EndProject
Project("{FAE04EC0-301F-11D3-BF4B-00C04F79EFBC}") = "02.Command Interpreter", "02.Command Interpreter\02.Command Interpreter.csproj", "{8AB43E22-D1B1-48B0-AD60-1F19FCB91FB7}"
EndProject
Global
	GlobalSection(SolutionConfigurationPlatforms) = preSolution
		Debug|Any CPU = Debug|Any CPU
		Release|Any CPU = Release|Any CPU
	EndGlobalSection
	GlobalSection(ProjectConfigurationPlatforms) = postSolution
		{3662A0C7-C7D0-44B0-A6EF-5C931709BA20}.Debug|Any CPU.ActiveCfg = Debug|Any CPU
		{3662A0C7-C7D0-44B0-A6EF-5C931709BA20}.Debug|Any CPU.Build.0 = Debug|Any CPU
		{3662A0C7-C7D0-44B0-A6EF-5C931709BA20}.Release|Any CPU.ActiveCfg = Release|Any CPU
		{3662A0C7-C7D0-44B0-A6EF-5C931709BA20}.Release|Any CPU.Build.0 = Release|Any CPU
		{3687D870-292B-4819-8C43-956C9F90CC9B}.Debug|Any CPU.ActiveCfg = Debug|Any CPU
		{3687D870-292B-4819-8C43-956C9F90CC9B}.Debug|Any CPU.Build.0 = Debug|Any CPU
		{3687D870-292B-4819-8C43-956C9F90CC9B}.Release|Any CPU.ActiveCfg = Release|Any CPU
		{3687D870-292B-4819-8C43-956C9F90CC9B}.Release|Any CPU.Build.0 = Release|Any CPU
		{FBB5091C-945B-408D-8257-F0F455495183}.Debug|Any CPU.ActiveCfg = Debug|Any CPU
		{FBB5091C-945B-408D-8257-F0F455495183}.Debug|Any CPU.Build.0 = Debug|Any CPU
		{FBB5091C-945B-408D-8257-F0F455495183}.Release|Any CPU.ActiveCfg = Release|Any CPU
		{FBB5091C-945B-408D-8257-F0F455495183}.Release|Any CPU.Build.0 = Release|Any CPU
		{8AB43E22-D1B1-48B0-AD60-1F19FCB91FB7}.Debug|Any CPU.ActiveCfg = Debug|Any CPU
		{8AB43E22-D1B1-48B0-AD60-1F19FCB91FB7}.Debug|Any CPU.Build.0 = Debug|Any CPU
		{8AB43E22-D1B1-48B0-AD60-1F19FCB91FB7}.Release|Any CPU.ActiveCfg = Release|Any CPU
		{8AB43E22-D1B1-48B0-AD60-1F19FCB91FB7}.Release|Any CPU.Build.0 = Release|Any CPU
	EndGlobalSection
	GlobalSection(SolutionProperties) = preSolution
		HideSolutionNode = FALSE
	EndGlobalSection
EndGlobal
