
Microsoft Visual Studio Solution File, Format Version 12.00
# Visual Studio 14
VisualStudioVersion = 14.0.25420.1
MinimumVisualStudioVersion = 10.0.40219.1
Project("{FAE04EC0-301F-11D3-BF4B-00C04F79EFBC}") = "01. Blank Receipt", "01. Blank Receipt\01. Blank Receipt.csproj", "{56CAC330-BC78-48EB-8F73-1658B9520278}"
EndProject
Project("{FAE04EC0-301F-11D3-BF4B-00C04F79EFBC}") = "02. SignIntegerNum", "02. SignIntegerNum\02. SignIntegerNum.csproj", "{33E5E888-B20D-48A1-807A-5848DDAFBE9C}"
EndProject
Project("{FAE04EC0-301F-11D3-BF4B-00C04F79EFBC}") = "03. Print Triangle", "03. Print Triangle\03. Print Triangle.csproj", "{D366E5DB-7896-40BA-A5EF-614CA122BE56}"
EndProject
Global
	GlobalSection(SolutionConfigurationPlatforms) = preSolution
		Debug|Any CPU = Debug|Any CPU
		Release|Any CPU = Release|Any CPU
	EndGlobalSection
	GlobalSection(ProjectConfigurationPlatforms) = postSolution
		{56CAC330-BC78-48EB-8F73-1658B9520278}.Debug|Any CPU.ActiveCfg = Debug|Any CPU
		{56CAC330-BC78-48EB-8F73-1658B9520278}.Debug|Any CPU.Build.0 = Debug|Any CPU
		{56CAC330-BC78-48EB-8F73-1658B9520278}.Release|Any CPU.ActiveCfg = Release|Any CPU
		{56CAC330-BC78-48EB-8F73-1658B9520278}.Release|Any CPU.Build.0 = Release|Any CPU
		{33E5E888-B20D-48A1-807A-5848DDAFBE9C}.Debug|Any CPU.ActiveCfg = Debug|Any CPU
		{33E5E888-B20D-48A1-807A-5848DDAFBE9C}.Debug|Any CPU.Build.0 = Debug|Any CPU
		{33E5E888-B20D-48A1-807A-5848DDAFBE9C}.Release|Any CPU.ActiveCfg = Release|Any CPU
		{33E5E888-B20D-48A1-807A-5848DDAFBE9C}.Release|Any CPU.Build.0 = Release|Any CPU
		{D366E5DB-7896-40BA-A5EF-614CA122BE56}.Debug|Any CPU.ActiveCfg = Debug|Any CPU
		{D366E5DB-7896-40BA-A5EF-614CA122BE56}.Debug|Any CPU.Build.0 = Debug|Any CPU
		{D366E5DB-7896-40BA-A5EF-614CA122BE56}.Release|Any CPU.ActiveCfg = Release|Any CPU
		{D366E5DB-7896-40BA-A5EF-614CA122BE56}.Release|Any CPU.Build.0 = Release|Any CPU
	EndGlobalSection
	GlobalSection(SolutionProperties) = preSolution
		HideSolutionNode = FALSE
	EndGlobalSection
EndGlobal
