
Microsoft Visual Studio Solution File, Format Version 12.00
# Visual Studio 14
VisualStudioVersion = 14.0.25420.1
MinimumVisualStudioVersion = 10.0.40219.1
Project("{FAE04EC0-301F-11D3-BF4B-00C04F79EFBC}") = "01. Thea the Photographer", "01. Thea the Photographer\01. Thea the Photographer.csproj", "{6C06B6C7-7239-4AA4-875E-71A1C8F8F1ED}"
EndProject
Project("{FAE04EC0-301F-11D3-BF4B-00C04F79EFBC}") = "02. Trophon the Grumpy Cat", "02. Trophon the Grumpy Cat\02. Trophon the Grumpy Cat.csproj", "{916729DD-3223-4AD5-8A6E-45AC7EE1F62C}"
EndProject
Project("{FAE04EC0-301F-11D3-BF4B-00C04F79EFBC}") = "04. Files", "04. Files\04. Files.csproj", "{A87994B3-7DB0-4A85-90A6-D9E957673A39}"
EndProject
Global
	GlobalSection(SolutionConfigurationPlatforms) = preSolution
		Debug|Any CPU = Debug|Any CPU
		Release|Any CPU = Release|Any CPU
	EndGlobalSection
	GlobalSection(ProjectConfigurationPlatforms) = postSolution
		{6C06B6C7-7239-4AA4-875E-71A1C8F8F1ED}.Debug|Any CPU.ActiveCfg = Debug|Any CPU
		{6C06B6C7-7239-4AA4-875E-71A1C8F8F1ED}.Debug|Any CPU.Build.0 = Debug|Any CPU
		{6C06B6C7-7239-4AA4-875E-71A1C8F8F1ED}.Release|Any CPU.ActiveCfg = Release|Any CPU
		{6C06B6C7-7239-4AA4-875E-71A1C8F8F1ED}.Release|Any CPU.Build.0 = Release|Any CPU
		{916729DD-3223-4AD5-8A6E-45AC7EE1F62C}.Debug|Any CPU.ActiveCfg = Debug|Any CPU
		{916729DD-3223-4AD5-8A6E-45AC7EE1F62C}.Debug|Any CPU.Build.0 = Debug|Any CPU
		{916729DD-3223-4AD5-8A6E-45AC7EE1F62C}.Release|Any CPU.ActiveCfg = Release|Any CPU
		{916729DD-3223-4AD5-8A6E-45AC7EE1F62C}.Release|Any CPU.Build.0 = Release|Any CPU
		{A87994B3-7DB0-4A85-90A6-D9E957673A39}.Debug|Any CPU.ActiveCfg = Debug|Any CPU
		{A87994B3-7DB0-4A85-90A6-D9E957673A39}.Debug|Any CPU.Build.0 = Debug|Any CPU
		{A87994B3-7DB0-4A85-90A6-D9E957673A39}.Release|Any CPU.ActiveCfg = Release|Any CPU
		{A87994B3-7DB0-4A85-90A6-D9E957673A39}.Release|Any CPU.Build.0 = Release|Any CPU
	EndGlobalSection
	GlobalSection(SolutionProperties) = preSolution
		HideSolutionNode = FALSE
	EndGlobalSection
EndGlobal
