
Microsoft Visual Studio Solution File, Format Version 12.00
# Visual Studio 14
VisualStudioVersion = 14.0.25420.1
MinimumVisualStudioVersion = 10.0.40219.1
Project("{FAE04EC0-301F-11D3-BF4B-00C04F79EFBC}") = "01. Day of Week", "01. Day of Week\01. Day of Week.csproj", "{BEF9C63E-E3A4-4C06-8724-94F6F6F7AF2A}"
EndProject
Project("{FAE04EC0-301F-11D3-BF4B-00C04F79EFBC}") = "02. Randomize Words", "02. Randomize Words\02. Randomize Words.csproj", "{801E78B7-9421-4E16-B9BE-491C758882BD}"
EndProject
Project("{FAE04EC0-301F-11D3-BF4B-00C04F79EFBC}") = "03. Big Factorial", "03. Big Factorial\03. Big Factorial.csproj", "{D1103666-93E1-47EA-B691-369FECFBE7CF}"
EndProject
Project("{FAE04EC0-301F-11D3-BF4B-00C04F79EFBC}") = "04. Distance between Points", "04. Distance between Points\04. Distance between Points.csproj", "{276A7BFE-C5EB-445F-A648-E77A2014F81F}"
EndProject
Project("{FAE04EC0-301F-11D3-BF4B-00C04F79EFBC}") = "05. Closest Two Points", "05. Closest Two Points\05. Closest Two Points.csproj", "{1C30593F-9CA5-4B97-8BEE-965B396ADAEB}"
EndProject
Global
	GlobalSection(SolutionConfigurationPlatforms) = preSolution
		Debug|Any CPU = Debug|Any CPU
		Release|Any CPU = Release|Any CPU
	EndGlobalSection
	GlobalSection(ProjectConfigurationPlatforms) = postSolution
		{BEF9C63E-E3A4-4C06-8724-94F6F6F7AF2A}.Debug|Any CPU.ActiveCfg = Debug|Any CPU
		{BEF9C63E-E3A4-4C06-8724-94F6F6F7AF2A}.Debug|Any CPU.Build.0 = Debug|Any CPU
		{BEF9C63E-E3A4-4C06-8724-94F6F6F7AF2A}.Release|Any CPU.ActiveCfg = Release|Any CPU
		{BEF9C63E-E3A4-4C06-8724-94F6F6F7AF2A}.Release|Any CPU.Build.0 = Release|Any CPU
		{801E78B7-9421-4E16-B9BE-491C758882BD}.Debug|Any CPU.ActiveCfg = Debug|Any CPU
		{801E78B7-9421-4E16-B9BE-491C758882BD}.Debug|Any CPU.Build.0 = Debug|Any CPU
		{801E78B7-9421-4E16-B9BE-491C758882BD}.Release|Any CPU.ActiveCfg = Release|Any CPU
		{801E78B7-9421-4E16-B9BE-491C758882BD}.Release|Any CPU.Build.0 = Release|Any CPU
		{D1103666-93E1-47EA-B691-369FECFBE7CF}.Debug|Any CPU.ActiveCfg = Debug|Any CPU
		{D1103666-93E1-47EA-B691-369FECFBE7CF}.Debug|Any CPU.Build.0 = Debug|Any CPU
		{D1103666-93E1-47EA-B691-369FECFBE7CF}.Release|Any CPU.ActiveCfg = Release|Any CPU
		{D1103666-93E1-47EA-B691-369FECFBE7CF}.Release|Any CPU.Build.0 = Release|Any CPU
		{276A7BFE-C5EB-445F-A648-E77A2014F81F}.Debug|Any CPU.ActiveCfg = Debug|Any CPU
		{276A7BFE-C5EB-445F-A648-E77A2014F81F}.Debug|Any CPU.Build.0 = Debug|Any CPU
		{276A7BFE-C5EB-445F-A648-E77A2014F81F}.Release|Any CPU.ActiveCfg = Release|Any CPU
		{276A7BFE-C5EB-445F-A648-E77A2014F81F}.Release|Any CPU.Build.0 = Release|Any CPU
		{1C30593F-9CA5-4B97-8BEE-965B396ADAEB}.Debug|Any CPU.ActiveCfg = Debug|Any CPU
		{1C30593F-9CA5-4B97-8BEE-965B396ADAEB}.Debug|Any CPU.Build.0 = Debug|Any CPU
		{1C30593F-9CA5-4B97-8BEE-965B396ADAEB}.Release|Any CPU.ActiveCfg = Release|Any CPU
		{1C30593F-9CA5-4B97-8BEE-965B396ADAEB}.Release|Any CPU.Build.0 = Release|Any CPU
	EndGlobalSection
	GlobalSection(SolutionProperties) = preSolution
		HideSolutionNode = FALSE
	EndGlobalSection
EndGlobal
