
Microsoft Visual Studio Solution File, Format Version 12.00
# Visual Studio 14
VisualStudioVersion = 14.0.25420.1
MinimumVisualStudioVersion = 10.0.40219.1
Project("{FAE04EC0-301F-11D3-BF4B-00C04F79EFBC}") = "01. Debit Card Number", "01. Debit Card Number\01. Debit Card Number.csproj", "{10112A3A-C040-4C01-A762-679B79D2404C}"
EndProject
Project("{FAE04EC0-301F-11D3-BF4B-00C04F79EFBC}") = "02. Rectangle Area", "02. Rectangle Area\02. Rectangle Area.csproj", "{618A75EC-3802-4CA2-91C3-1E66BDBC9FB5}"
EndProject
Project("{FAE04EC0-301F-11D3-BF4B-00C04F79EFBC}") = "03. Miles to Kilometers", "03. Miles to Kilometers\03. Miles to Kilometers.csproj", "{17B9D0D5-132E-4439-B9E2-325FD9920004}"
EndProject
Project("{FAE04EC0-301F-11D3-BF4B-00C04F79EFBC}") = "04. Beverage Labels", "04. Beverage Labels\04. Beverage Labels.csproj", "{DE2165D9-ED09-414D-A52F-969D64322EC1}"
EndProject
Project("{FAE04EC0-301F-11D3-BF4B-00C04F79EFBC}") = "05. Character Stats", "05. Character Stats\05. Character Stats.csproj", "{ECAAA3E0-FCF8-4AC7-8C0F-6A810CFE9CFC}"
EndProject
Project("{FAE04EC0-301F-11D3-BF4B-00C04F79EFBC}") = "dsConsoleApplication1", "dsConsoleApplication1\dsConsoleApplication1.csproj", "{CB5A634E-FD3B-4065-9432-A1607CC46FAD}"
EndProject
Global
	GlobalSection(SolutionConfigurationPlatforms) = preSolution
		Debug|Any CPU = Debug|Any CPU
		Release|Any CPU = Release|Any CPU
	EndGlobalSection
	GlobalSection(ProjectConfigurationPlatforms) = postSolution
		{10112A3A-C040-4C01-A762-679B79D2404C}.Debug|Any CPU.ActiveCfg = Debug|Any CPU
		{10112A3A-C040-4C01-A762-679B79D2404C}.Debug|Any CPU.Build.0 = Debug|Any CPU
		{10112A3A-C040-4C01-A762-679B79D2404C}.Release|Any CPU.ActiveCfg = Release|Any CPU
		{10112A3A-C040-4C01-A762-679B79D2404C}.Release|Any CPU.Build.0 = Release|Any CPU
		{618A75EC-3802-4CA2-91C3-1E66BDBC9FB5}.Debug|Any CPU.ActiveCfg = Debug|Any CPU
		{618A75EC-3802-4CA2-91C3-1E66BDBC9FB5}.Debug|Any CPU.Build.0 = Debug|Any CPU
		{618A75EC-3802-4CA2-91C3-1E66BDBC9FB5}.Release|Any CPU.ActiveCfg = Release|Any CPU
		{618A75EC-3802-4CA2-91C3-1E66BDBC9FB5}.Release|Any CPU.Build.0 = Release|Any CPU
		{17B9D0D5-132E-4439-B9E2-325FD9920004}.Debug|Any CPU.ActiveCfg = Debug|Any CPU
		{17B9D0D5-132E-4439-B9E2-325FD9920004}.Debug|Any CPU.Build.0 = Debug|Any CPU
		{17B9D0D5-132E-4439-B9E2-325FD9920004}.Release|Any CPU.ActiveCfg = Release|Any CPU
		{17B9D0D5-132E-4439-B9E2-325FD9920004}.Release|Any CPU.Build.0 = Release|Any CPU
		{DE2165D9-ED09-414D-A52F-969D64322EC1}.Debug|Any CPU.ActiveCfg = Debug|Any CPU
		{DE2165D9-ED09-414D-A52F-969D64322EC1}.Debug|Any CPU.Build.0 = Debug|Any CPU
		{DE2165D9-ED09-414D-A52F-969D64322EC1}.Release|Any CPU.ActiveCfg = Release|Any CPU
		{DE2165D9-ED09-414D-A52F-969D64322EC1}.Release|Any CPU.Build.0 = Release|Any CPU
		{ECAAA3E0-FCF8-4AC7-8C0F-6A810CFE9CFC}.Debug|Any CPU.ActiveCfg = Debug|Any CPU
		{ECAAA3E0-FCF8-4AC7-8C0F-6A810CFE9CFC}.Debug|Any CPU.Build.0 = Debug|Any CPU
		{ECAAA3E0-FCF8-4AC7-8C0F-6A810CFE9CFC}.Release|Any CPU.ActiveCfg = Release|Any CPU
		{ECAAA3E0-FCF8-4AC7-8C0F-6A810CFE9CFC}.Release|Any CPU.Build.0 = Release|Any CPU
		{CB5A634E-FD3B-4065-9432-A1607CC46FAD}.Debug|Any CPU.ActiveCfg = Debug|Any CPU
		{CB5A634E-FD3B-4065-9432-A1607CC46FAD}.Debug|Any CPU.Build.0 = Debug|Any CPU
		{CB5A634E-FD3B-4065-9432-A1607CC46FAD}.Release|Any CPU.ActiveCfg = Release|Any CPU
		{CB5A634E-FD3B-4065-9432-A1607CC46FAD}.Release|Any CPU.Build.0 = Release|Any CPU
	EndGlobalSection
	GlobalSection(SolutionProperties) = preSolution
		HideSolutionNode = FALSE
	EndGlobalSection
EndGlobal
