
Microsoft Visual Studio Solution File, Format Version 12.00
# Visual Studio 14
VisualStudioVersion = 14.0.25420.1
MinimumVisualStudioVersion = 10.0.40219.1
Project("{FAE04EC0-301F-11D3-BF4B-00C04F79EFBC}") = "02. Icarus", "02. Icarus\02. Icarus.csproj", "{0A56DA86-ACBE-427C-A8A5-517A685B2935}"
EndProject
Project("{FAE04EC0-301F-11D3-BF4B-00C04F79EFBC}") = "01. Resurrection", "01. Resurrection\01. Resurrection.csproj", "{63251A79-EA47-4D7D-B4FC-6D4A2B9A3186}"
EndProject
Project("{FAE04EC0-301F-11D3-BF4B-00C04F79EFBC}") = "03. Phoenix Grid", "03. Phoenix Grid\03. Phoenix Grid.csproj", "{B1E1DFFA-FC52-4806-90EE-F96FDACA83D4}"
EndProject
Project("{FAE04EC0-301F-11D3-BF4B-00C04F79EFBC}") = "04. CODE Phoenix Oscar", "04. CODE Phoenix Oscar\04. CODE Phoenix Oscar.csproj", "{060DB244-4565-4ECD-BC80-F50011EB6210}"
EndProject
Global
	GlobalSection(SolutionConfigurationPlatforms) = preSolution
		Debug|Any CPU = Debug|Any CPU
		Release|Any CPU = Release|Any CPU
	EndGlobalSection
	GlobalSection(ProjectConfigurationPlatforms) = postSolution
		{0A56DA86-ACBE-427C-A8A5-517A685B2935}.Debug|Any CPU.ActiveCfg = Debug|Any CPU
		{0A56DA86-ACBE-427C-A8A5-517A685B2935}.Debug|Any CPU.Build.0 = Debug|Any CPU
		{0A56DA86-ACBE-427C-A8A5-517A685B2935}.Release|Any CPU.ActiveCfg = Release|Any CPU
		{0A56DA86-ACBE-427C-A8A5-517A685B2935}.Release|Any CPU.Build.0 = Release|Any CPU
		{63251A79-EA47-4D7D-B4FC-6D4A2B9A3186}.Debug|Any CPU.ActiveCfg = Debug|Any CPU
		{63251A79-EA47-4D7D-B4FC-6D4A2B9A3186}.Debug|Any CPU.Build.0 = Debug|Any CPU
		{63251A79-EA47-4D7D-B4FC-6D4A2B9A3186}.Release|Any CPU.ActiveCfg = Release|Any CPU
		{63251A79-EA47-4D7D-B4FC-6D4A2B9A3186}.Release|Any CPU.Build.0 = Release|Any CPU
		{B1E1DFFA-FC52-4806-90EE-F96FDACA83D4}.Debug|Any CPU.ActiveCfg = Debug|Any CPU
		{B1E1DFFA-FC52-4806-90EE-F96FDACA83D4}.Debug|Any CPU.Build.0 = Debug|Any CPU
		{B1E1DFFA-FC52-4806-90EE-F96FDACA83D4}.Release|Any CPU.ActiveCfg = Release|Any CPU
		{B1E1DFFA-FC52-4806-90EE-F96FDACA83D4}.Release|Any CPU.Build.0 = Release|Any CPU
		{060DB244-4565-4ECD-BC80-F50011EB6210}.Debug|Any CPU.ActiveCfg = Debug|Any CPU
		{060DB244-4565-4ECD-BC80-F50011EB6210}.Debug|Any CPU.Build.0 = Debug|Any CPU
		{060DB244-4565-4ECD-BC80-F50011EB6210}.Release|Any CPU.ActiveCfg = Release|Any CPU
		{060DB244-4565-4ECD-BC80-F50011EB6210}.Release|Any CPU.Build.0 = Release|Any CPU
	EndGlobalSection
	GlobalSection(SolutionProperties) = preSolution
		HideSolutionNode = FALSE
	EndGlobalSection
EndGlobal
